
Microsoft Visual Studio Solution File, Format Version 12.00
# Visual Studio Version 17
VisualStudioVersion = 17.0.31611.283
MinimumVisualStudioVersion = 10.0.40219.1
Project("{9A19103F-16F7-4668-BE54-9A1E7A4F7556}") = "mobile_iot_lab01", "mobile_iot_lab01\mobile_iot_lab01.csproj", "{D6D5B4C9-E53F-4AAA-B78A-C1F8354FB5FC}"
EndProject
Project("{9A19103F-16F7-4668-BE54-9A1E7A4F7556}") = "Pierwsza aplikacja multiplatformowa", "Pierwsza aplikacja multiplatformowa\Pierwsza aplikacja multiplatformowa.csproj", "{3D8A7D94-CBA5-4E58-B84E-862C8CFA56BF}"
EndProject
Project("{9A19103F-16F7-4668-BE54-9A1E7A4F7556}") = "Notes1", "Notes1\Notes1.csproj", "{460FA020-60F7-4815-97E6-83F9FD6BE09C}"
EndProject
Global
	GlobalSection(SolutionConfigurationPlatforms) = preSolution
		Debug|Any CPU = Debug|Any CPU
		Release|Any CPU = Release|Any CPU
	EndGlobalSection
	GlobalSection(ProjectConfigurationPlatforms) = postSolution
		{D6D5B4C9-E53F-4AAA-B78A-C1F8354FB5FC}.Debug|Any CPU.ActiveCfg = Debug|Any CPU
		{D6D5B4C9-E53F-4AAA-B78A-C1F8354FB5FC}.Debug|Any CPU.Build.0 = Debug|Any CPU
		{D6D5B4C9-E53F-4AAA-B78A-C1F8354FB5FC}.Debug|Any CPU.Deploy.0 = Debug|Any CPU
		{D6D5B4C9-E53F-4AAA-B78A-C1F8354FB5FC}.Release|Any CPU.ActiveCfg = Release|Any CPU
		{D6D5B4C9-E53F-4AAA-B78A-C1F8354FB5FC}.Release|Any CPU.Build.0 = Release|Any CPU
		{D6D5B4C9-E53F-4AAA-B78A-C1F8354FB5FC}.Release|Any CPU.Deploy.0 = Release|Any CPU
		{3D8A7D94-CBA5-4E58-B84E-862C8CFA56BF}.Debug|Any CPU.ActiveCfg = Debug|Any CPU
		{3D8A7D94-CBA5-4E58-B84E-862C8CFA56BF}.Debug|Any CPU.Build.0 = Debug|Any CPU
		{3D8A7D94-CBA5-4E58-B84E-862C8CFA56BF}.Debug|Any CPU.Deploy.0 = Debug|Any CPU
		{3D8A7D94-CBA5-4E58-B84E-862C8CFA56BF}.Release|Any CPU.ActiveCfg = Release|Any CPU
		{3D8A7D94-CBA5-4E58-B84E-862C8CFA56BF}.Release|Any CPU.Build.0 = Release|Any CPU
		{3D8A7D94-CBA5-4E58-B84E-862C8CFA56BF}.Release|Any CPU.Deploy.0 = Release|Any CPU
		{460FA020-60F7-4815-97E6-83F9FD6BE09C}.Debug|Any CPU.ActiveCfg = Debug|Any CPU
		{460FA020-60F7-4815-97E6-83F9FD6BE09C}.Debug|Any CPU.Build.0 = Debug|Any CPU
		{460FA020-60F7-4815-97E6-83F9FD6BE09C}.Debug|Any CPU.Deploy.0 = Debug|Any CPU
		{460FA020-60F7-4815-97E6-83F9FD6BE09C}.Release|Any CPU.ActiveCfg = Release|Any CPU
		{460FA020-60F7-4815-97E6-83F9FD6BE09C}.Release|Any CPU.Build.0 = Release|Any CPU
		{460FA020-60F7-4815-97E6-83F9FD6BE09C}.Release|Any CPU.Deploy.0 = Release|Any CPU
	EndGlobalSection
	GlobalSection(SolutionProperties) = preSolution
		HideSolutionNode = FALSE
	EndGlobalSection
	GlobalSection(ExtensibilityGlobals) = postSolution
		SolutionGuid = {61F7FB11-1E47-470C-91E2-47F8143E1572}
	EndGlobalSection
EndGlobal
